
Microsoft Visual Studio Solution File, Format Version 12.00
# Visual Studio Version 17
VisualStudioVersion = 17.6.33829.357
MinimumVisualStudioVersion = 10.0.40219.1
Project("{8BC9CEB8-8B4A-11D0-8D11-00A0C91BC942}") = "学生综合测试系统", "学生综合测试系统\学生综合测试系统.vcxproj", "{06421E68-6102-4C0C-B2F4-4837A6EB859C}"
EndProject
Global
	GlobalSection(SolutionConfigurationPlatforms) = preSolution
		Debug|x64 = Debug|x64
		Debug|x86 = Debug|x86
		Release|x64 = Release|x64
		Release|x86 = Release|x86
	EndGlobalSection
	GlobalSection(ProjectConfigurationPlatforms) = postSolution
		{06421E68-6102-4C0C-B2F4-4837A6EB859C}.Debug|x64.ActiveCfg = Debug|x64
		{06421E68-6102-4C0C-B2F4-4837A6EB859C}.Debug|x64.Build.0 = Debug|x64
		{06421E68-6102-4C0C-B2F4-4837A6EB859C}.Debug|x86.ActiveCfg = Debug|Win32
		{06421E68-6102-4C0C-B2F4-4837A6EB859C}.Debug|x86.Build.0 = Debug|Win32
		{06421E68-6102-4C0C-B2F4-4837A6EB859C}.Release|x64.ActiveCfg = Release|x64
		{06421E68-6102-4C0C-B2F4-4837A6EB859C}.Release|x64.Build.0 = Release|x64
		{06421E68-6102-4C0C-B2F4-4837A6EB859C}.Release|x86.ActiveCfg = Release|Win32
		{06421E68-6102-4C0C-B2F4-4837A6EB859C}.Release|x86.Build.0 = Release|Win32
	EndGlobalSection
	GlobalSection(SolutionProperties) = preSolution
		HideSolutionNode = FALSE
	EndGlobalSection
	GlobalSection(ExtensibilityGlobals) = postSolution
		SolutionGuid = {4F137F1B-57E8-468D-BEC1-ABCC01E2CE69}
	EndGlobalSection
EndGlobal
